
Microsoft Visual Studio Solution File, Format Version 12.00
# Visual Studio Version 16
VisualStudioVersion = 16.0.29411.108
MinimumVisualStudioVersion = 10.0.40219.1
Project("{FAE04EC0-301F-11D3-BF4B-00C04F79EFBC}") = "Esercizio01", "Esercizio01\Esercizio01.csproj", "{7EC55821-7EAB-45B5-AE4B-E31A6067C5BB}"
EndProject
Global
	GlobalSection(SolutionConfigurationPlatforms) = preSolution
		Debug|Any CPU = Debug|Any CPU
		Release|Any CPU = Release|Any CPU
	EndGlobalSection
	GlobalSection(ProjectConfigurationPlatforms) = postSolution
		{7EC55821-7EAB-45B5-AE4B-E31A6067C5BB}.Debug|Any CPU.ActiveCfg = Debug|Any CPU
		{7EC55821-7EAB-45B5-AE4B-E31A6067C5BB}.Debug|Any CPU.Build.0 = Debug|Any CPU
		{7EC55821-7EAB-45B5-AE4B-E31A6067C5BB}.Release|Any CPU.ActiveCfg = Release|Any CPU
		{7EC55821-7EAB-45B5-AE4B-E31A6067C5BB}.Release|Any CPU.Build.0 = Release|Any CPU
	EndGlobalSection
	GlobalSection(SolutionProperties) = preSolution
		HideSolutionNode = FALSE
	EndGlobalSection
	GlobalSection(ExtensibilityGlobals) = postSolution
		SolutionGuid = {25883185-7DB8-4297-9C71-3E8EBB948B67}
	EndGlobalSection
EndGlobal
